// !$*UTF8*$!
{
	archiveVersion = 1;
	classes = {
	};
	objectVersion = 56;
	objects = {

/* Begin PBXBuildFile section */
		C6860B91298A926200903ED4 /* TextCounterSwiftUIApp.swift in Sources */ = {isa = PBXBuildFile; fileRef = C6860B90298A926200903ED4 /* TextCounterSwiftUIApp.swift */; };
		C6860B93298A926200903ED4 /* ContentView.swift in Sources */ = {isa = PBXBuildFile; fileRef = C6860B92298A926200903ED4 /* ContentView.swift */; };
		C6860B95298A926300903ED4 /* Assets.xcassets in Resources */ = {isa = PBXBuildFile; fileRef = C6860B94298A926300903ED4 /* Assets.xcassets */; };
		C6860B98298A926300903ED4 /* Preview Assets.xcassets in Resources */ = {isa = PBXBuildFile; fileRef = C6860B97298A926300903ED4 /* Preview Assets.xcassets */; };
		C6860BA2298A926300903ED4 /* TextCounterSwiftUITests.swift in Sources */ = {isa = PBXBuildFile; fileRef = C6860BA1298A926300903ED4 /* TextCounterSwiftUITests.swift */; };
		C6860BAC298A926300903ED4 /* TextCounterSwiftUIUITests.swift in Sources */ = {isa = PBXBuildFile; fileRef = C6860BAB298A926300903ED4 /* TextCounterSwiftUIUITests.swift */; };
		C6860BAE298A926300903ED4 /* TextCounterSwiftUIUITestsLaunchTests.swift in Sources */ = {isa = PBXBuildFile; fileRef = C6860BAD298A926300903ED4 /* TextCounterSwiftUIUITestsLaunchTests.swift */; };
		C6860BBC298A993900903ED4 /* WordCountViewModel.swift in Sources */ = {isa = PBXBuildFile; fileRef = C6860BBB298A993900903ED4 /* WordCountViewModel.swift */; };
/* End PBXBuildFile section */

/* Begin PBXContainerItemProxy section */
		C6860B9E298A926300903ED4 /* PBXContainerItemProxy */ = {
			isa = PBXContainerItemProxy;
			containerPortal = C6860B85298A926200903ED4 /* Project object */;
			proxyType = 1;
			remoteGlobalIDString = C6860B8C298A926200903ED4;
			remoteInfo = TextCounterSwiftUI;
		};
		C6860BA8298A926300903ED4 /* PBXContainerItemProxy */ = {
			isa = PBXContainerItemProxy;
			containerPortal = C6860B85298A926200903ED4 /* Project object */;
			proxyType = 1;
			remoteGlobalIDString = C6860B8C298A926200903ED4;
			remoteInfo = TextCounterSwiftUI;
		};
/* End PBXContainerItemProxy section */

/* Begin PBXFileReference section */
		C6860B8D298A926200903ED4 /* TextCounterSwiftUI.app */ = {isa = PBXFileReference; explicitFileType = wrapper.application; includeInIndex = 0; path = TextCounterSwiftUI.app; sourceTree = BUILT_PRODUCTS_DIR; };
		C6860B90298A926200903ED4 /* TextCounterSwiftUIApp.swift */ = {isa = PBXFileReference; lastKnownFileType = sourcecode.swift; path = TextCounterSwiftUIApp.swift; sourceTree = "<group>"; };
		C6860B92298A926200903ED4 /* ContentView.swift */ = {isa = PBXFileReference; lastKnownFileType = sourcecode.swift; path = ContentView.swift; sourceTree = "<group>"; };
		C6860B94298A926300903ED4 /* Assets.xcassets */ = {isa = PBXFileReference; lastKnownFileType = folder.assetcatalog; path = Assets.xcassets; sourceTree = "<group>"; };
		C6860B97298A926300903ED4 /* Preview Assets.xcassets */ = {isa = PBXFileReference; lastKnownFileType = folder.assetcatalog; path = "Preview Assets.xcassets"; sourceTree = "<group>"; };
		C6860B9D298A926300903ED4 /* TextCounterSwiftUITests.xctest */ = {isa = PBXFileReference; explicitFileType = wrapper.cfbundle; includeInIndex = 0; path = TextCounterSwiftUITests.xctest; sourceTree = BUILT_PRODUCTS_DIR; };
		C6860BA1298A926300903ED4 /* TextCounterSwiftUITests.swift */ = {isa = PBXFileReference; lastKnownFileType = sourcecode.swift; path = TextCounterSwiftUITests.swift; sourceTree = "<group>"; };
		C6860BA7298A926300903ED4 /* TextCounterSwiftUIUITests.xctest */ = {isa = PBXFileReference; explicitFileType = wrapper.cfbundle; includeInIndex = 0; path = TextCounterSwiftUIUITests.xctest; sourceTree = BUILT_PRODUCTS_DIR; };
		C6860BAB298A926300903ED4 /* TextCounterSwiftUIUITests.swift */ = {isa = PBXFileReference; lastKnownFileType = sourcecode.swift; path = TextCounterSwiftUIUITests.swift; sourceTree = "<group>"; };
		C6860BAD298A926300903ED4 /* TextCounterSwiftUIUITestsLaunchTests.swift */ = {isa = PBXFileReference; lastKnownFileType = sourcecode.swift; path = TextCounterSwiftUIUITestsLaunchTests.swift; sourceTree = "<group>"; };
		C6860BBB298A993900903ED4 /* WordCountViewModel.swift */ = {isa = PBXFileReference; lastKnownFileType = sourcecode.swift; path = WordCountViewModel.swift; sourceTree = "<group>"; };
/* End PBXFileReference section */

/* Begin PBXFrameworksBuildPhase section */
		C6860B8A298A926200903ED4 /* Frameworks */ = {
			isa = PBXFrameworksBuildPhase;
			buildActionMask = 2147483647;
			files = (
			);
			runOnlyForDeploymentPostprocessing = 0;
		};
		C6860B9A298A926300903ED4 /* Frameworks */ = {
			isa = PBXFrameworksBuildPhase;
			buildActionMask = 2147483647;
			files = (
			);
			runOnlyForDeploymentPostprocessing = 0;
		};
		C6860BA4298A926300903ED4 /* Frameworks */ = {
			isa = PBXFrameworksBuildPhase;
			buildActionMask = 2147483647;
			files = (
			);
			runOnlyForDeploymentPostprocessing = 0;
		};
/* End PBXFrameworksBuildPhase section */

/* Begin PBXGroup section */
		C6860B84298A926200903ED4 = {
			isa = PBXGroup;
			children = (
				C6860B8F298A926200903ED4 /* TextCounterSwiftUI */,
				C6860BA0298A926300903ED4 /* TextCounterSwiftUITests */,
				C6860BAA298A926300903ED4 /* TextCounterSwiftUIUITests */,
				C6860B8E298A926200903ED4 /* Products */,
			);
			sourceTree = "<group>";
		};
		C6860B8E298A926200903ED4 /* Products */ = {
			isa = PBXGroup;
			children = (
				C6860B8D298A926200903ED4 /* TextCounterSwiftUI.app */,
				C6860B9D298A926300903ED4 /* TextCounterSwiftUITests.xctest */,
				C6860BA7298A926300903ED4 /* TextCounterSwiftUIUITests.xctest */,
			);
			name = Products;
			sourceTree = "<group>";
		};
		C6860B8F298A926200903ED4 /* TextCounterSwiftUI */ = {
			isa = PBXGroup;
			children = (
				C6860BBA298A992700903ED4 /* ViewModel */,
				C6860B90298A926200903ED4 /* TextCounterSwiftUIApp.swift */,
				C6860B92298A926200903ED4 /* ContentView.swift */,
				C6860B94298A926300903ED4 /* Assets.xcassets */,
				C6860B96298A926300903ED4 /* Preview Content */,
			);
			path = TextCounterSwiftUI;
			sourceTree = "<group>";
		};
		C6860B96298A926300903ED4 /* Preview Content */ = {
			isa = PBXGroup;
			children = (
				C6860B97298A926300903ED4 /* Preview Assets.xcassets */,
			);
			path = "Preview Content";
			sourceTree = "<group>";
		};
		C6860BA0298A926300903ED4 /* TextCounterSwiftUITests */ = {
			isa = PBXGroup;
			children = (
				C6860BA1298A926300903ED4 /* TextCounterSwiftUITests.swift */,
			);
			path = TextCounterSwiftUITests;
			sourceTree = "<group>";
		};
		C6860BAA298A926300903ED4 /* TextCounterSwiftUIUITests */ = {
			isa = PBXGroup;
			children = (
				C6860BAB298A926300903ED4 /* TextCounterSwiftUIUITests.swift */,
				C6860BAD298A926300903ED4 /* TextCounterSwiftUIUITestsLaunchTests.swift */,
			);
			path = TextCounterSwiftUIUITests;
			sourceTree = "<group>";
		};
		C6860BBA298A992700903ED4 /* ViewModel */ = {
			isa = PBXGroup;
			children = (
				C6860BBB298A993900903ED4 /* WordCountViewModel.swift */,
			);
			path = ViewModel;
			sourceTree = "<group>";
		};
/* End PBXGroup section */

/* Begin PBXNativeTarget section */
		C6860B8C298A926200903ED4 /* TextCounterSwiftUI */ = {
			isa = PBXNativeTarget;
			buildConfigurationList = C6860BB1298A926300903ED4 /* Build configuration list for PBXNativeTarget "TextCounterSwiftUI" */;
			buildPhases = (
				C6860B89298A926200903ED4 /* Sources */,
				C6860B8A298A926200903ED4 /* Frameworks */,
				C6860B8B298A926200903ED4 /* Resources */,
			);
			buildRules = (
			);
			dependencies = (
			);
			name = TextCounterSwiftUI;
			productName = TextCounterSwiftUI;
			productReference = C6860B8D298A926200903ED4 /* TextCounterSwiftUI.app */;
			productType = "com.apple.product-type.application";
		};
		C6860B9C298A926300903ED4 /* TextCounterSwiftUITests */ = {
			isa = PBXNativeTarget;
			buildConfigurationList = C6860BB4298A926300903ED4 /* Build configuration list for PBXNativeTarget "TextCounterSwiftUITests" */;
			buildPhases = (
				C6860B99298A926300903ED4 /* Sources */,
				C6860B9A298A926300903ED4 /* Frameworks */,
				C6860B9B298A926300903ED4 /* Resources */,
			);
			buildRules = (
			);
			dependencies = (
				C6860B9F298A926300903ED4 /* PBXTargetDependency */,
			);
			name = TextCounterSwiftUITests;
			productName = TextCounterSwiftUITests;
			productReference = C6860B9D298A926300903ED4 /* TextCounterSwiftUITests.xctest */;
			productType = "com.apple.product-type.bundle.unit-test";
		};
		C6860BA6298A926300903ED4 /* TextCounterSwiftUIUITests */ = {
			isa = PBXNativeTarget;
			buildConfigurationList = C6860BB7298A926300903ED4 /* Build configuration list for PBXNativeTarget "TextCounterSwiftUIUITests" */;
			buildPhases = (
				C6860BA3298A926300903ED4 /* Sources */,
				C6860BA4298A926300903ED4 /* Frameworks */,
				C6860BA5298A926300903ED4 /* Resources */,
			);
			buildRules = (
			);
			dependencies = (
				C6860BA9298A926300903ED4 /* PBXTargetDependency */,
			);
			name = TextCounterSwiftUIUITests;
			productName = TextCounterSwiftUIUITests;
			productReference = C6860BA7298A926300903ED4 /* TextCounterSwiftUIUITests.xctest */;
			productType = "com.apple.product-type.bundle.ui-testing";
		};
/* End PBXNativeTarget section */

/* Begin PBXProject section */
		C6860B85298A926200903ED4 /* Project object */ = {
			isa = PBXProject;
			attributes = {
				BuildIndependentTargetsInParallel = 1;
				LastSwiftUpdateCheck = 1420;
				LastUpgradeCheck = 1420;
				TargetAttributes = {
					C6860B8C298A926200903ED4 = {
						CreatedOnToolsVersion = 14.2;
					};
					C6860B9C298A926300903ED4 = {
						CreatedOnToolsVersion = 14.2;
						TestTargetID = C6860B8C298A926200903ED4;
					};
					C6860BA6298A926300903ED4 = {
						CreatedOnToolsVersion = 14.2;
						TestTargetID = C6860B8C298A926200903ED4;
					};
				};
			};
			buildConfigurationList = C6860B88298A926200903ED4 /* Build configuration list for PBXProject "TextCounterSwiftUI" */;
			compatibilityVersion = "Xcode 14.0";
			developmentRegion = en;
			hasScannedForEncodings = 0;
			knownRegions = (
				en,
				Base,
			);
			mainGroup = C6860B84298A926200903ED4;
			productRefGroup = C6860B8E298A926200903ED4 /* Products */;
			projectDirPath = "";
			projectRoot = "";
			targets = (
				C6860B8C298A926200903ED4 /* TextCounterSwiftUI */,
				C6860B9C298A926300903ED4 /* TextCounterSwiftUITests */,
				C6860BA6298A926300903ED4 /* TextCounterSwiftUIUITests */,
			);
		};
/* End PBXProject section */

/* Begin PBXResourcesBuildPhase section */
		C6860B8B298A926200903ED4 /* Resources */ = {
			isa = PBXResourcesBuildPhase;
			buildActionMask = 2147483647;
			files = (
				C6860B98298A926300903ED4 /* Preview Assets.xcassets in Resources */,
				C6860B95298A926300903ED4 /* Assets.xcassets in Resources */,
			);
			runOnlyForDeploymentPostprocessing = 0;
		};
		C6860B9B298A926300903ED4 /* Resources */ = {
			isa = PBXResourcesBuildPhase;
			buildActionMask = 2147483647;
			files = (
			);
			runOnlyForDeploymentPostprocessing = 0;
		};
		C6860BA5298A926300903ED4 /* Resources */ = {
			isa = PBXResourcesBuildPhase;
			buildActionMask = 2147483647;
			files = (
			);
			runOnlyForDeploymentPostprocessing = 0;
		};
/* End PBXResourcesBuildPhase section */

/* Begin PBXSourcesBuildPhase section */
		C6860B89298A926200903ED4 /* Sources */ = {
			isa = PBXSourcesBuildPhase;
			buildActionMask = 2147483647;
			files = (
				C6860B93298A926200903ED4 /* ContentView.swift in Sources */,
				C6860B91298A926200903ED4 /* TextCounterSwiftUIApp.swift in Sources */,
				C6860BBC298A993900903ED4 /* WordCountViewModel.swift in Sources */,
			);
			runOnlyForDeploymentPostprocessing = 0;
		};
		C6860B99298A926300903ED4 /* Sources */ = {
			isa = PBXSourcesBuildPhase;
			buildActionMask = 2147483647;
			files = (
				C6860BA2298A926300903ED4 /* TextCounterSwiftUITests.swift in Sources */,
			);
			runOnlyForDeploymentPostprocessing = 0;
		};
		C6860BA3298A926300903ED4 /* Sources */ = {
			isa = PBXSourcesBuildPhase;
			buildActionMask = 2147483647;
			files = (
				C6860BAE298A926300903ED4 /* TextCounterSwiftUIUITestsLaunchTests.swift in Sources */,
				C6860BAC298A926300903ED4 /* TextCounterSwiftUIUITests.swift in Sources */,
			);
			runOnlyForDeploymentPostprocessing = 0;
		};
/* End PBXSourcesBuildPhase section */

/* Begin PBXTargetDependency section */
		C6860B9F298A926300903ED4 /* PBXTargetDependency */ = {
			isa = PBXTargetDependency;
			target = C6860B8C298A926200903ED4 /* TextCounterSwiftUI */;
			targetProxy = C6860B9E298A926300903ED4 /* PBXContainerItemProxy */;
		};
		C6860BA9298A926300903ED4 /* PBXTargetDependency */ = {
			isa = PBXTargetDependency;
			target = C6860B8C298A926200903ED4 /* TextCounterSwiftUI */;
			targetProxy = C6860BA8298A926300903ED4 /* PBXContainerItemProxy */;
		};
/* End PBXTargetDependency section */

/* Begin XCBuildConfiguration section */
		C6860BAF298A926300903ED4 /* Debug */ = {
			isa = XCBuildConfiguration;
			buildSettings = {
				ALWAYS_SEARCH_USER_PATHS = NO;
				CLANG_ANALYZER_NONNULL = YES;
				CLANG_ANALYZER_NUMBER_OBJECT_CONVERSION = YES_AGGRESSIVE;
				CLANG_CXX_LANGUAGE_STANDARD = "gnu++20";
				CLANG_ENABLE_MODULES = YES;
				CLANG_ENABLE_OBJC_ARC = YES;
				CLANG_ENABLE_OBJC_WEAK = YES;
				CLANG_WARN_BLOCK_CAPTURE_AUTORELEASING = YES;
				CLANG_WARN_BOOL_CONVERSION = YES;
				CLANG_WARN_COMMA = YES;
				CLANG_WARN_CONSTANT_CONVERSION = YES;
				CLANG_WARN_DEPRECATED_OBJC_IMPLEMENTATIONS = YES;
				CLANG_WARN_DIRECT_OBJC_ISA_USAGE = YES_ERROR;
				CLANG_WARN_DOCUMENTATION_COMMENTS = YES;
				CLANG_WARN_EMPTY_BODY = YES;
				CLANG_WARN_ENUM_CONVERSION = YES;
				CLANG_WARN_INFINITE_RECURSION = YES;
				CLANG_WARN_INT_CONVERSION = YES;
				CLANG_WARN_NON_LITERAL_NULL_CONVERSION = YES;
				CLANG_WARN_OBJC_IMPLICIT_RETAIN_SELF = YES;
				CLANG_WARN_OBJC_LITERAL_CONVERSION = YES;
				CLANG_WARN_OBJC_ROOT_CLASS = YES_ERROR;
				CLANG_WARN_QUOTED_INCLUDE_IN_FRAMEWORK_HEADER = YES;
				CLANG_WARN_RANGE_LOOP_ANALYSIS = YES;
				CLANG_WARN_STRICT_PROTOTYPES = YES;
				CLANG_WARN_SUSPICIOUS_MOVE = YES;
				CLANG_WARN_UNGUARDED_AVAILABILITY = YES_AGGRESSIVE;
				CLANG_WARN_UNREACHABLE_CODE = YES;
				CLANG_WARN__DUPLICATE_METHOD_MATCH = YES;
				COPY_PHASE_STRIP = NO;
				DEBUG_INFORMATION_FORMAT = dwarf;
				ENABLE_STRICT_OBJC_MSGSEND = YES;
				ENABLE_TESTABILITY = YES;
				GCC_C_LANGUAGE_STANDARD = gnu11;
				GCC_DYNAMIC_NO_PIC = NO;
				GCC_NO_COMMON_BLOCKS = YES;
				GCC_OPTIMIZATION_LEVEL = 0;
				GCC_PREPROCESSOR_DEFINITIONS = (
					"DEBUG=1",
					"$(inherited)",
				);
				GCC_WARN_64_TO_32_BIT_CONVERSION = YES;
				GCC_WARN_ABOUT_RETURN_TYPE = YES_ERROR;
				GCC_WARN_UNDECLARED_SELECTOR = YES;
				GCC_WARN_UNINITIALIZED_AUTOS = YES_AGGRESSIVE;
				GCC_WARN_UNUSED_FUNCTION = YES;
				GCC_WARN_UNUSED_VARIABLE = YES;
				IPHONEOS_DEPLOYMENT_TARGET = 16.2;
				MTL_ENABLE_DEBUG_INFO = INCLUDE_SOURCE;
				MTL_FAST_MATH = YES;
				ONLY_ACTIVE_ARCH = YES;
				SDKROOT = iphoneos;
				SWIFT_ACTIVE_COMPILATION_CONDITIONS = DEBUG;
				SWIFT_OPTIMIZATION_LEVEL = "-Onone";
			};
			name = Debug;
		};
		C6860BB0298A926300903ED4 /* Release */ = {
			isa = XCBuildConfiguration;
			buildSettings = {
				ALWAYS_SEARCH_USER_PATHS = NO;
				CLANG_ANALYZER_NONNULL = YES;
				CLANG_ANALYZER_NUMBER_OBJECT_CONVERSION = YES_AGGRESSIVE;
				CLANG_CXX_LANGUAGE_STANDARD = "gnu++20";
				CLANG_ENABLE_MODULES = YES;
				CLANG_ENABLE_OBJC_ARC = YES;
				CLANG_ENABLE_OBJC_WEAK = YES;
				CLANG_WARN_BLOCK_CAPTURE_AUTORELEASING = YES;
				CLANG_WARN_BOOL_CONVERSION = YES;
				CLANG_WARN_COMMA = YES;
				CLANG_WARN_CONSTANT_CONVERSION = YES;
				CLANG_WARN_DEPRECATED_OBJC_IMPLEMENTATIONS = YES;
				CLANG_WARN_DIRECT_OBJC_ISA_USAGE = YES_ERROR;
				CLANG_WARN_DOCUMENTATION_COMMENTS = YES;
				CLANG_WARN_EMPTY_BODY = YES;
				CLANG_WARN_ENUM_CONVERSION = YES;
				CLANG_WARN_INFINITE_RECURSION = YES;
				CLANG_WARN_INT_CONVERSION = YES;
				CLANG_WARN_NON_LITERAL_NULL_CONVERSION = YES;
				CLANG_WARN_OBJC_IMPLICIT_RETAIN_SELF = YES;
				CLANG_WARN_OBJC_LITERAL_CONVERSION = YES;
				CLANG_WARN_OBJC_ROOT_CLASS = YES_ERROR;
				CLANG_WARN_QUOTED_INCLUDE_IN_FRAMEWORK_HEADER = YES;
				CLANG_WARN_RANGE_LOOP_ANALYSIS = YES;
				CLANG_WARN_STRICT_PROTOTYPES = YES;
				CLANG_WARN_SUSPICIOUS_MOVE = YES;
				CLANG_WARN_UNGUARDED_AVAILABILITY = YES_AGGRESSIVE;
				CLANG_WARN_UNREACHABLE_CODE = YES;
				CLANG_WARN__DUPLICATE_METHOD_MATCH = YES;
				COPY_PHASE_STRIP = NO;
				DEBUG_INFORMATION_FORMAT = "dwarf-with-dsym";
				ENABLE_NS_ASSERTIONS = NO;
				ENABLE_STRICT_OBJC_MSGSEND = YES;
				GCC_C_LANGUAGE_STANDARD = gnu11;
				GCC_NO_COMMON_BLOCKS = YES;
				GCC_WARN_64_TO_32_BIT_CONVERSION = YES;
				GCC_WARN_ABOUT_RETURN_TYPE = YES_ERROR;
				GCC_WARN_UNDECLARED_SELECTOR = YES;
				GCC_WARN_UNINITIALIZED_AUTOS = YES_AGGRESSIVE;
				GCC_WARN_UNUSED_FUNCTION = YES;
				GCC_WARN_UNUSED_VARIABLE = YES;
				IPHONEOS_DEPLOYMENT_TARGET = 16.2;
				MTL_ENABLE_DEBUG_INFO = NO;
				MTL_FAST_MATH = YES;
				SDKROOT = iphoneos;
				SWIFT_COMPILATION_MODE = wholemodule;
				SWIFT_OPTIMIZATION_LEVEL = "-O";
				VALIDATE_PRODUCT = YES;
			};
			name = Release;
		};
		C6860BB2298A926300903ED4 /* Debug */ = {
			isa = XCBuildConfiguration;
			buildSettings = {
				ASSETCATALOG_COMPILER_APPICON_NAME = AppIcon;
				ASSETCATALOG_COMPILER_GLOBAL_ACCENT_COLOR_NAME = AccentColor;
				CODE_SIGN_STYLE = Automatic;
				CURRENT_PROJECT_VERSION = 1;
				DEVELOPMENT_ASSET_PATHS = "\"TextCounterSwiftUI/Preview Content\"";
				DEVELOPMENT_TEAM = 4QT5VBN6BQ;
				ENABLE_PREVIEWS = YES;
				GENERATE_INFOPLIST_FILE = YES;
				INFOPLIST_KEY_UIApplicationSceneManifest_Generation = YES;
				INFOPLIST_KEY_UIApplicationSupportsIndirectInputEvents = YES;
				INFOPLIST_KEY_UILaunchScreen_Generation = YES;
				INFOPLIST_KEY_UISupportedInterfaceOrientations_iPad = "UIInterfaceOrientationPortrait UIInterfaceOrientationPortraitUpsideDown UIInterfaceOrientationLandscapeLeft UIInterfaceOrientationLandscapeRight";
				INFOPLIST_KEY_UISupportedInterfaceOrientations_iPhone = "UIInterfaceOrientationPortrait UIInterfaceOrientationLandscapeLeft UIInterfaceOrientationLandscapeRight";
				LD_RUNPATH_SEARCH_PATHS = (
					"$(inherited)",
					"@executable_path/Frameworks",
				);
				MARKETING_VERSION = 1.0;
				PRODUCT_BUNDLE_IDENTIFIER = com.sib.rnd.TextCounterSwiftUI;
				PRODUCT_NAME = "$(TARGET_NAME)";
				SWIFT_EMIT_LOC_STRINGS = YES;
				SWIFT_VERSION = 5.0;
				TARGETED_DEVICE_FAMILY = "1,2";
			};
			name = Debug;
		};
		C6860BB3298A926300903ED4 /* Release */ = {
			isa = XCBuildConfiguration;
			buildSettings = {
				ASSETCATALOG_COMPILER_APPICON_NAME = AppIcon;
				ASSETCATALOG_COMPILER_GLOBAL_ACCENT_COLOR_NAME = AccentColor;
				CODE_SIGN_STYLE = Automatic;
				CURRENT_PROJECT_VERSION = 1;
				DEVELOPMENT_ASSET_PATHS = "\"TextCounterSwiftUI/Preview Content\"";
				DEVELOPMENT_TEAM = 4QT5VBN6BQ;
				ENABLE_PREVIEWS = YES;
				GENERATE_INFOPLIST_FILE = YES;
				INFOPLIST_KEY_UIApplicationSceneManifest_Generation = YES;
				INFOPLIST_KEY_UIApplicationSupportsIndirectInputEvents = YES;
				INFOPLIST_KEY_UILaunchScreen_Generation = YES;
				INFOPLIST_KEY_UISupportedInterfaceOrientations_iPad = "UIInterfaceOrientationPortrait UIInterfaceOrientationPortraitUpsideDown UIInterfaceOrientationLandscapeLeft UIInterfaceOrientationLandscapeRight";
				INFOPLIST_KEY_UISupportedInterfaceOrientations_iPhone = "UIInterfaceOrientationPortrait UIInterfaceOrientationLandscapeLeft UIInterfaceOrientationLandscapeRight";
				LD_RUNPATH_SEARCH_PATHS = (
					"$(inherited)",
					"@executable_path/Frameworks",
				);
				MARKETING_VERSION = 1.0;
				PRODUCT_BUNDLE_IDENTIFIER = com.sib.rnd.TextCounterSwiftUI;
				PRODUCT_NAME = "$(TARGET_NAME)";
				SWIFT_EMIT_LOC_STRINGS = YES;
				SWIFT_VERSION = 5.0;
				TARGETED_DEVICE_FAMILY = "1,2";
			};
			name = Release;
		};
		C6860BB5298A926300903ED4 /* Debug */ = {
			isa = XCBuildConfiguration;
			buildSettings = {
				ALWAYS_EMBED_SWIFT_STANDARD_LIBRARIES = YES;
				BUNDLE_LOADER = "$(TEST_HOST)";
				CODE_SIGN_STYLE = Automatic;
				CURRENT_PROJECT_VERSION = 1;
				DEVELOPMENT_TEAM = 4QT5VBN6BQ;
				GENERATE_INFOPLIST_FILE = YES;
				IPHONEOS_DEPLOYMENT_TARGET = 16.2;
				MARKETING_VERSION = 1.0;
				PRODUCT_BUNDLE_IDENTIFIER = com.sib.rnd.TextCounterSwiftUITests;
				PRODUCT_NAME = "$(TARGET_NAME)";
				SWIFT_EMIT_LOC_STRINGS = NO;
				SWIFT_VERSION = 5.0;
				TARGETED_DEVICE_FAMILY = "1,2";
				TEST_HOST = "$(BUILT_PRODUCTS_DIR)/TextCounterSwiftUI.app/$(BUNDLE_EXECUTABLE_FOLDER_PATH)/TextCounterSwiftUI";
			};
			name = Debug;
		};
		C6860BB6298A926300903ED4 /* Release */ = {
			isa = XCBuildConfiguration;
			buildSettings = {
				ALWAYS_EMBED_SWIFT_STANDARD_LIBRARIES = YES;
				BUNDLE_LOADER = "$(TEST_HOST)";
				CODE_SIGN_STYLE = Automatic;
				CURRENT_PROJECT_VERSION = 1;
				DEVELOPMENT_TEAM = 4QT5VBN6BQ;
				GENERATE_INFOPLIST_FILE = YES;
				IPHONEOS_DEPLOYMENT_TARGET = 16.2;
				MARKETING_VERSION = 1.0;
				PRODUCT_BUNDLE_IDENTIFIER = com.sib.rnd.TextCounterSwiftUITests;
				PRODUCT_NAME = "$(TARGET_NAME)";
				SWIFT_EMIT_LOC_STRINGS = NO;
				SWIFT_VERSION = 5.0;
				TARGETED_DEVICE_FAMILY = "1,2";
				TEST_HOST = "$(BUILT_PRODUCTS_DIR)/TextCounterSwiftUI.app/$(BUNDLE_EXECUTABLE_FOLDER_PATH)/TextCounterSwiftUI";
			};
			name = Release;
		};
		C6860BB8298A926300903ED4 /* Debug */ = {
			isa = XCBuildConfiguration;
			buildSettings = {
				ALWAYS_EMBED_SWIFT_STANDARD_LIBRARIES = YES;
				CODE_SIGN_STYLE = Automatic;
				CURRENT_PROJECT_VERSION = 1;
				DEVELOPMENT_TEAM = 4QT5VBN6BQ;
				GENERATE_INFOPLIST_FILE = YES;
				MARKETING_VERSION = 1.0;
				PRODUCT_BUNDLE_IDENTIFIER = com.sib.rnd.TextCounterSwiftUIUITests;
				PRODUCT_NAME = "$(TARGET_NAME)";
				SWIFT_EMIT_LOC_STRINGS = NO;
				SWIFT_VERSION = 5.0;
				TARGETED_DEVICE_FAMILY = "1,2";
				TEST_TARGET_NAME = TextCounterSwiftUI;
			};
			name = Debug;
		};
		C6860BB9298A926300903ED4 /* Release */ = {
			isa = XCBuildConfiguration;
			buildSettings = {
				ALWAYS_EMBED_SWIFT_STANDARD_LIBRARIES = YES;
				CODE_SIGN_STYLE = Automatic;
				CURRENT_PROJECT_VERSION = 1;
				DEVELOPMENT_TEAM = 4QT5VBN6BQ;
				GENERATE_INFOPLIST_FILE = YES;
				MARKETING_VERSION = 1.0;
				PRODUCT_BUNDLE_IDENTIFIER = com.sib.rnd.TextCounterSwiftUIUITests;
				PRODUCT_NAME = "$(TARGET_NAME)";
				SWIFT_EMIT_LOC_STRINGS = NO;
				SWIFT_VERSION = 5.0;
				TARGETED_DEVICE_FAMILY = "1,2";
				TEST_TARGET_NAME = TextCounterSwiftUI;
			};
			name = Release;
		};
/* End XCBuildConfiguration section */

/* Begin XCConfigurationList section */
		C6860B88298A926200903ED4 /* Build configuration list for PBXProject "TextCounterSwiftUI" */ = {
			isa = XCConfigurationList;
			buildConfigurations = (
				C6860BAF298A926300903ED4 /* Debug */,
				C6860BB0298A926300903ED4 /* Release */,
			);
			defaultConfigurationIsVisible = 0;
			defaultConfigurationName = Release;
		};
		C6860BB1298A926300903ED4 /* Build configuration list for PBXNativeTarget "TextCounterSwiftUI" */ = {
			isa = XCConfigurationList;
			buildConfigurations = (
				C6860BB2298A926300903ED4 /* Debug */,
				C6860BB3298A926300903ED4 /* Release */,
			);
			defaultConfigurationIsVisible = 0;
			defaultConfigurationName = Release;
		};
		C6860BB4298A926300903ED4 /* Build configuration list for PBXNativeTarget "TextCounterSwiftUITests" */ = {
			isa = XCConfigurationList;
			buildConfigurations = (
				C6860BB5298A926300903ED4 /* Debug */,
				C6860BB6298A926300903ED4 /* Release */,
			);
			defaultConfigurationIsVisible = 0;
			defaultConfigurationName = Release;
		};
		C6860BB7298A926300903ED4 /* Build configuration list for PBXNativeTarget "TextCounterSwiftUIUITests" */ = {
			isa = XCConfigurationList;
			buildConfigurations = (
				C6860BB8298A926300903ED4 /* Debug */,
				C6860BB9298A926300903ED4 /* Release */,
			);
			defaultConfigurationIsVisible = 0;
			defaultConfigurationName = Release;
		};
/* End XCConfigurationList section */
	};
	rootObject = C6860B85298A926200903ED4 /* Project object */;
}
